
Microsoft Visual Studio Solution File, Format Version 12.00
# Visual Studio 15
VisualStudioVersion = 15.0.28307.136
MinimumVisualStudioVersion = 10.0.40219.1
Project("{888888A0-9F3D-457C-B088-3A5042F75D52}") = "Virtual Vision", "Virtual Vision\Virtual Vision.pyproj", "{83728E8B-E4AF-4125-B2F8-D0984771AD01}"
EndProject
Global
	GlobalSection(SolutionConfigurationPlatforms) = preSolution
		Debug|Any CPU = Debug|Any CPU
		Release|Any CPU = Release|Any CPU
	EndGlobalSection
	GlobalSection(ProjectConfigurationPlatforms) = postSolution
		{83728E8B-E4AF-4125-B2F8-D0984771AD01}.Debug|Any CPU.ActiveCfg = Debug|Any CPU
		{83728E8B-E4AF-4125-B2F8-D0984771AD01}.Release|Any CPU.ActiveCfg = Release|Any CPU
	EndGlobalSection
	GlobalSection(SolutionProperties) = preSolution
		HideSolutionNode = FALSE
	EndGlobalSection
	GlobalSection(ExtensibilityGlobals) = postSolution
		SolutionGuid = {59264A1B-8A12-41AB-9F1D-7780AC6A9683}
	EndGlobalSection
EndGlobal
